Microsoft Visual Studio Solution File, Format Version 12.00
# Visual Studio Version 17
VisualStudioVersion = 17.0.31903.59
MinimumVisualStudioVersion = 10.0.40219.1
Project("{FAE04EC0-301F-11D3-BF4B-00C04F79EFBC}") = "SeaQ.Common", "src/SeaQ.Common/SeaQ.Common.csproj", "{17CB7D4B-C865-4212-88AB-3DBD5FEC15D9}"
EndProject
Project("{FAE04EC0-301F-11D3-BF4B-00C04F79EFBC}") = "SeaQ.GrpcClient", "src/SeaQ.GrpcClient/SeaQ.GrpcClient.csproj", "{04D5075F-3640-4747-BB67-B8DDB34B18E9}"
EndProject
Project("{FAE04EC0-301F-11D3-BF4B-00C04F79EFBC}") = "SeaQ.Dashboard", "src/SeaQ.Dashboard/SeaQ.Dashboard.csproj", "{4145B9B2-0EAE-444F-BD8C-BB208BD29676}"
EndProject
Global
	GlobalSection(SolutionConfigurationPlatforms) = preSolution
		Debug|Any CPU = Debug|Any CPU
		Release|Any CPU = Release|Any CPU
	EndGlobalSection
	GlobalSection(ProjectConfigurationPlatforms) = postSolution
		{17CB7D4B-C865-4212-88AB-3DBD5FEC15D9}.Debug|Any CPU.ActiveCfg = Debug|Any CPU
		{17CB7D4B-C865-4212-88AB-3DBD5FEC15D9}.Debug|Any CPU.Build.0 = Debug|Any CPU
		{17CB7D4B-C865-4212-88AB-3DBD5FEC15D9}.Release|Any CPU.ActiveCfg = Release|Any CPU
		{17CB7D4B-C865-4212-88AB-3DBD5FEC15D9}.Release|Any CPU.Build.0 = Release|Any CPU
		{04D5075F-3640-4747-BB67-B8DDB34B18E9}.Debug|Any CPU.ActiveCfg = Debug|Any CPU
		{04D5075F-3640-4747-BB67-B8DDB34B18E9}.Debug|Any CPU.Build.0 = Debug|Any CPU
		{04D5075F-3640-4747-BB67-B8DDB34B18E9}.Release|Any CPU.ActiveCfg = Release|Any CPU
		{04D5075F-3640-4747-BB67-B8DDB34B18E9}.Release|Any CPU.Build.0 = Release|Any CPU
		{4145B9B2-0EAE-444F-BD8C-BB208BD29676}.Debug|Any CPU.ActiveCfg = Debug|Any CPU
		{4145B9B2-0EAE-444F-BD8C-BB208BD29676}.Debug|Any CPU.Build.0 = Debug|Any CPU
		{4145B9B2-0EAE-444F-BD8C-BB208BD29676}.Release|Any CPU.ActiveCfg = Release|Any CPU
		{4145B9B2-0EAE-444F-BD8C-BB208BD29676}.Release|Any CPU.Build.0 = Release|Any CPU
	EndGlobalSection
	GlobalSection(SolutionProperties) = preSolution
		HideSolutionNode = FALSE
	EndGlobalSection
EndGlobal
